
Microsoft Visual Studio Solution File, Format Version 12.00
Project("{FAE04EC0-301F-11D3-BF4B-00C04F79EFBC}") = "Inventories", "Inventories\Inventories.csproj", "{FDF7ED4A-FC07-432C-814B-C75A1E26D3A5}"
EndProject
Global
	GlobalSection(SolutionConfigurationPlatforms) = preSolution
		Debug|Any CPU = Debug|Any CPU
		Release|Any CPU = Release|Any CPU
	EndGlobalSection
	GlobalSection(ProjectConfigurationPlatforms) = postSolution
		{FDF7ED4A-FC07-432C-814B-C75A1E26D3A5}.Debug|Any CPU.ActiveCfg = Debug|Any CPU
		{FDF7ED4A-FC07-432C-814B-C75A1E26D3A5}.Debug|Any CPU.Build.0 = Debug|Any CPU
		{FDF7ED4A-FC07-432C-814B-C75A1E26D3A5}.Release|Any CPU.ActiveCfg = Release|Any CPU
		{FDF7ED4A-FC07-432C-814B-C75A1E26D3A5}.Release|Any CPU.Build.0 = Release|Any CPU
	EndGlobalSection
EndGlobal
